
Microsoft Visual Studio Solution File, Format Version 12.00
# Visual Studio Version 16
VisualStudioVersion = 16.0.30413.136
MinimumVisualStudioVersion = 10.0.40219.1
Project("{FAE04EC0-301F-11D3-BF4B-00C04F79EFBC}") = "angular-quickstart", "angular-quickstart.csproj", "{D8B16D4E-6F58-4127-822E-11169A2C51A0}"
EndProject
Global
	GlobalSection(SolutionConfigurationPlatforms) = preSolution
		Debug|Any CPU = Debug|Any CPU
		Release|Any CPU = Release|Any CPU
	EndGlobalSection
	GlobalSection(ProjectConfigurationPlatforms) = postSolution
		{D8B16D4E-6F58-4127-822E-11169A2C51A0}.Debug|Any CPU.ActiveCfg = Debug|Any CPU
		{D8B16D4E-6F58-4127-822E-11169A2C51A0}.Debug|Any CPU.Build.0 = Debug|Any CPU
		{D8B16D4E-6F58-4127-822E-11169A2C51A0}.Release|Any CPU.ActiveCfg = Release|Any CPU
		{D8B16D4E-6F58-4127-822E-11169A2C51A0}.Release|Any CPU.Build.0 = Release|Any CPU
	EndGlobalSection
	GlobalSection(SolutionProperties) = preSolution
		HideSolutionNode = FALSE
	EndGlobalSection
	GlobalSection(ExtensibilityGlobals) = postSolution
		SolutionGuid = {0153EC91-D0EB-4ED8-9351-A7E20AD4848A}
	EndGlobalSection
EndGlobal
